
Microsoft Visual Studio Solution File, Format Version 12.00
# Visual Studio Version 16
VisualStudioVersion = 16.0.30907.101
MinimumVisualStudioVersion = 10.0.40219.1
Project("{FAE04EC0-301F-11D3-BF4B-00C04F79EFBC}") = "QueueViewer.Lib", "QueueViewer.Lib\QueueViewer.Lib.csproj", "{960969F1-0C08-43AF-A592-B39941BE8C97}"
EndProject
Project("{FAE04EC0-301F-11D3-BF4B-00C04F79EFBC}") = "QueueViewer.Forms", "QueueViewer.Forms\QueueViewer.Forms.csproj", "{8D27E731-E240-447F-B42E-A8FF3FE7D59E}"
EndProject
Project("{54435603-DBB4-11D2-8724-00A0C9A8B90C}") = "QueueViewer.Setup", "QueueViewer.Setup\QueueViewer.Setup.vdproj", "{B174A48C-87C9-45A5-BA6C-7608B1D1812F}"
EndProject
Global
	GlobalSection(SolutionConfigurationPlatforms) = preSolution
		Debug|Any CPU = Debug|Any CPU
		Release|Any CPU = Release|Any CPU
	EndGlobalSection
	GlobalSection(ProjectConfigurationPlatforms) = postSolution
		{960969F1-0C08-43AF-A592-B39941BE8C97}.Debug|Any CPU.ActiveCfg = Debug|Any CPU
		{960969F1-0C08-43AF-A592-B39941BE8C97}.Debug|Any CPU.Build.0 = Debug|Any CPU
		{960969F1-0C08-43AF-A592-B39941BE8C97}.Release|Any CPU.ActiveCfg = Release|Any CPU
		{960969F1-0C08-43AF-A592-B39941BE8C97}.Release|Any CPU.Build.0 = Release|Any CPU
		{8D27E731-E240-447F-B42E-A8FF3FE7D59E}.Debug|Any CPU.ActiveCfg = Debug|Any CPU
		{8D27E731-E240-447F-B42E-A8FF3FE7D59E}.Debug|Any CPU.Build.0 = Debug|Any CPU
		{8D27E731-E240-447F-B42E-A8FF3FE7D59E}.Release|Any CPU.ActiveCfg = Release|Any CPU
		{8D27E731-E240-447F-B42E-A8FF3FE7D59E}.Release|Any CPU.Build.0 = Release|Any CPU
		{B174A48C-87C9-45A5-BA6C-7608B1D1812F}.Debug|Any CPU.ActiveCfg = Debug
		{B174A48C-87C9-45A5-BA6C-7608B1D1812F}.Debug|Any CPU.Build.0 = Debug
		{B174A48C-87C9-45A5-BA6C-7608B1D1812F}.Release|Any CPU.ActiveCfg = Release
		{B174A48C-87C9-45A5-BA6C-7608B1D1812F}.Release|Any CPU.Build.0 = Release
	EndGlobalSection
	GlobalSection(SolutionProperties) = preSolution
		HideSolutionNode = FALSE
	EndGlobalSection
	GlobalSection(ExtensibilityGlobals) = postSolution
		SolutionGuid = {BDDDB548-5D1F-4EF2-B72F-0BAE120F9424}
	EndGlobalSection
EndGlobal
