
Microsoft Visual Studio Solution File, Format Version 12.00
# Visual Studio Version 16
VisualStudioVersion = 16.0.30907.101
MinimumVisualStudioVersion = 10.0.40219.1
Project("{FAE04EC0-301F-11D3-BF4B-00C04F79EFBC}") = "QueueViewer", "QueueViewer\QueueViewer.csproj", "{8D27E731-E240-447F-B42E-A8FF3FE7D59E}"
EndProject
Global
	GlobalSection(SolutionConfigurationPlatforms) = preSolution
		Debug|Any CPU = Debug|Any CPU
		Release|Any CPU = Release|Any CPU
	EndGlobalSection
	GlobalSection(ProjectConfigurationPlatforms) = postSolution
		{8D27E731-E240-447F-B42E-A8FF3FE7D59E}.Debug|Any CPU.ActiveCfg = Debug|Any CPU
		{8D27E731-E240-447F-B42E-A8FF3FE7D59E}.Debug|Any CPU.Build.0 = Debug|Any CPU
		{8D27E731-E240-447F-B42E-A8FF3FE7D59E}.Release|Any CPU.ActiveCfg = Release|Any CPU
		{8D27E731-E240-447F-B42E-A8FF3FE7D59E}.Release|Any CPU.Build.0 = Release|Any CPU
	EndGlobalSection
	GlobalSection(SolutionProperties) = preSolution
		HideSolutionNode = FALSE
	EndGlobalSection
	GlobalSection(ExtensibilityGlobals) = postSolution
		SolutionGuid = {BDDDB548-5D1F-4EF2-B72F-0BAE120F9424}
	EndGlobalSection
EndGlobal
